
Microsoft Visual Studio Solution File, Format Version 12.00
# Visual Studio Version 16
VisualStudioVersion = 16.0.32106.194
MinimumVisualStudioVersion = 10.0.40219.1
Project("{FAE04EC0-301F-11D3-BF4B-00C04F79EFBC}") = "14.10.2022 - ClassWork  part2", "14.10.2022 - ClassWork  part2\14.10.2022 - ClassWork  part2.csproj", "{9FFDBF6E-696C-4D59-B30A-69C6A325B711}"
EndProject
Global
	GlobalSection(SolutionConfigurationPlatforms) = preSolution
		Debug|Any CPU = Debug|Any CPU
		Release|Any CPU = Release|Any CPU
	EndGlobalSection
	GlobalSection(ProjectConfigurationPlatforms) = postSolution
		{9FFDBF6E-696C-4D59-B30A-69C6A325B711}.Debug|Any CPU.ActiveCfg = Debug|Any CPU
		{9FFDBF6E-696C-4D59-B30A-69C6A325B711}.Debug|Any CPU.Build.0 = Debug|Any CPU
		{9FFDBF6E-696C-4D59-B30A-69C6A325B711}.Release|Any CPU.ActiveCfg = Release|Any CPU
		{9FFDBF6E-696C-4D59-B30A-69C6A325B711}.Release|Any CPU.Build.0 = Release|Any CPU
	EndGlobalSection
	GlobalSection(SolutionProperties) = preSolution
		HideSolutionNode = FALSE
	EndGlobalSection
	GlobalSection(ExtensibilityGlobals) = postSolution
		SolutionGuid = {C39A4497-A6A8-440F-8ABB-2C3A0DCC02B1}
	EndGlobalSection
EndGlobal
